
Microsoft Visual Studio Solution File, Format Version 12.00
# Visual Studio Version 17
VisualStudioVersion = 17.8.34525.116
MinimumVisualStudioVersion = 10.0.40219.1
Project("{9A19103F-16F7-4668-BE54-9A1E7A4F7556}") = "BasaltX.Gateway.Api", "API\BasaltX.Gateway.Api\BasaltX.Gateway.Api.csproj", "{8245513F-6403-46A0-A7D9-B20142EC3C6C}"
EndProject
Project("{9A19103F-16F7-4668-BE54-9A1E7A4F7556}") = "BasaltX.LB.API", "API\BasaltX.LB.API\BasaltX.LB.API.csproj", "{CFF19833-A9F6-48E0-AA6B-B3D17D17411A}"
EndProject
Project("{9A19103F-16F7-4668-BE54-9A1E7A4F7556}") = "BasaltX.Utils", "Utils\BasalX.Utils\BasaltX.Utils.csproj", "{CAB57C11-AEA1-4BFB-9304-BD7E153D78A7}"
EndProject
Project("{9A19103F-16F7-4668-BE54-9A1E7A4F7556}") = "BasaltX.Common.Models", "Models\BasaltX.Models\BasaltX.Common.Models.csproj", "{6E641834-172A-4B28-A2D4-101D2D312B43}"
EndProject
Project("{2150E333-8FDC-42A3-9474-1A3956D46DE8}") = "API", "API", "{B61D311C-86D6-446E-A394-3A17E238AC44}"
EndProject
Project("{2150E333-8FDC-42A3-9474-1A3956D46DE8}") = "BL", "BL", "{01E301FA-3FAF-4A41-885C-74D5C6EFB6C4}"
EndProject
Project("{2150E333-8FDC-42A3-9474-1A3956D46DE8}") = "Models", "Models", "{61777335-4035-4D2A-96C4-2DE99A65DEC5}"
EndProject
Project("{2150E333-8FDC-42A3-9474-1A3956D46DE8}") = "Utils", "Utils", "{B4668D29-EF75-4D0E-BE69-07B2BB484653}"
EndProject
Project("{9A19103F-16F7-4668-BE54-9A1E7A4F7556}") = "BasaltX.LB.BL", "BL\BasaltX.LB.BL\BasaltX.LB.BL.csproj", "{4E0F1D14-0AFF-463C-A869-23E45C1292EA}"
EndProject
Project("{9A19103F-16F7-4668-BE54-9A1E7A4F7556}") = "BasaltX.AI.Api", "API\BasaltX.AI.API\BasaltX.AI.Api.csproj", "{15E0B29E-0DE3-47C6-82CF-35C03DB77309}"
EndProject
Project("{9A19103F-16F7-4668-BE54-9A1E7A4F7556}") = "BasaltX.AI.BL", "BL\BasaltX.AI.BL\BasaltX.AI.BL.csproj", "{60707FCD-DD62-4E96-BB84-E6A84FE71F49}"
EndProject
Project("{2150E333-8FDC-42A3-9474-1A3956D46DE8}") = "Agents", "Agents", "{6DE2BD77-48B4-4526-8D0F-5735E50D5D1D}"
EndProject
Project("{9A19103F-16F7-4668-BE54-9A1E7A4F7556}") = "BasalX.Service.Agents", "Agents\BasalX.Service.Agents.csproj", "{E72F2DCF-10AC-4FB7-B418-2F6240E4A0FD}"
EndProject
Global
	GlobalSection(SolutionConfigurationPlatforms) = preSolution
		Debug|Any CPU = Debug|Any CPU
		Release|Any CPU = Release|Any CPU
	EndGlobalSection
	GlobalSection(ProjectConfigurationPlatforms) = postSolution
		{8245513F-6403-46A0-A7D9-B20142EC3C6C}.Debug|Any CPU.ActiveCfg = Debug|Any CPU
		{8245513F-6403-46A0-A7D9-B20142EC3C6C}.Debug|Any CPU.Build.0 = Debug|Any CPU
		{8245513F-6403-46A0-A7D9-B20142EC3C6C}.Release|Any CPU.ActiveCfg = Release|Any CPU
		{8245513F-6403-46A0-A7D9-B20142EC3C6C}.Release|Any CPU.Build.0 = Release|Any CPU
		{CFF19833-A9F6-48E0-AA6B-B3D17D17411A}.Debug|Any CPU.ActiveCfg = Debug|Any CPU
		{CFF19833-A9F6-48E0-AA6B-B3D17D17411A}.Debug|Any CPU.Build.0 = Debug|Any CPU
		{CFF19833-A9F6-48E0-AA6B-B3D17D17411A}.Release|Any CPU.ActiveCfg = Release|Any CPU
		{CFF19833-A9F6-48E0-AA6B-B3D17D17411A}.Release|Any CPU.Build.0 = Release|Any CPU
		{CAB57C11-AEA1-4BFB-9304-BD7E153D78A7}.Debug|Any CPU.ActiveCfg = Debug|Any CPU
		{CAB57C11-AEA1-4BFB-9304-BD7E153D78A7}.Debug|Any CPU.Build.0 = Debug|Any CPU
		{CAB57C11-AEA1-4BFB-9304-BD7E153D78A7}.Release|Any CPU.ActiveCfg = Release|Any CPU
		{CAB57C11-AEA1-4BFB-9304-BD7E153D78A7}.Release|Any CPU.Build.0 = Release|Any CPU
		{6E641834-172A-4B28-A2D4-101D2D312B43}.Debug|Any CPU.ActiveCfg = Debug|Any CPU
		{6E641834-172A-4B28-A2D4-101D2D312B43}.Debug|Any CPU.Build.0 = Debug|Any CPU
		{6E641834-172A-4B28-A2D4-101D2D312B43}.Release|Any CPU.ActiveCfg = Release|Any CPU
		{6E641834-172A-4B28-A2D4-101D2D312B43}.Release|Any CPU.Build.0 = Release|Any CPU
		{4E0F1D14-0AFF-463C-A869-23E45C1292EA}.Debug|Any CPU.ActiveCfg = Debug|Any CPU
		{4E0F1D14-0AFF-463C-A869-23E45C1292EA}.Debug|Any CPU.Build.0 = Debug|Any CPU
		{4E0F1D14-0AFF-463C-A869-23E45C1292EA}.Release|Any CPU.ActiveCfg = Release|Any CPU
		{4E0F1D14-0AFF-463C-A869-23E45C1292EA}.Release|Any CPU.Build.0 = Release|Any CPU
		{15E0B29E-0DE3-47C6-82CF-35C03DB77309}.Debug|Any CPU.ActiveCfg = Debug|Any CPU
		{15E0B29E-0DE3-47C6-82CF-35C03DB77309}.Debug|Any CPU.Build.0 = Debug|Any CPU
		{15E0B29E-0DE3-47C6-82CF-35C03DB77309}.Release|Any CPU.ActiveCfg = Release|Any CPU
		{15E0B29E-0DE3-47C6-82CF-35C03DB77309}.Release|Any CPU.Build.0 = Release|Any CPU
		{60707FCD-DD62-4E96-BB84-E6A84FE71F49}.Debug|Any CPU.ActiveCfg = Debug|Any CPU
		{60707FCD-DD62-4E96-BB84-E6A84FE71F49}.Debug|Any CPU.Build.0 = Debug|Any CPU
		{60707FCD-DD62-4E96-BB84-E6A84FE71F49}.Release|Any CPU.ActiveCfg = Release|Any CPU
		{60707FCD-DD62-4E96-BB84-E6A84FE71F49}.Release|Any CPU.Build.0 = Release|Any CPU
		{E72F2DCF-10AC-4FB7-B418-2F6240E4A0FD}.Debug|Any CPU.ActiveCfg = Debug|Any CPU
		{E72F2DCF-10AC-4FB7-B418-2F6240E4A0FD}.Debug|Any CPU.Build.0 = Debug|Any CPU
		{E72F2DCF-10AC-4FB7-B418-2F6240E4A0FD}.Release|Any CPU.ActiveCfg = Release|Any CPU
		{E72F2DCF-10AC-4FB7-B418-2F6240E4A0FD}.Release|Any CPU.Build.0 = Release|Any CPU
	EndGlobalSection
	GlobalSection(SolutionProperties) = preSolution
		HideSolutionNode = FALSE
	EndGlobalSection
	GlobalSection(NestedProjects) = preSolution
		{8245513F-6403-46A0-A7D9-B20142EC3C6C} = {B61D311C-86D6-446E-A394-3A17E238AC44}
		{CFF19833-A9F6-48E0-AA6B-B3D17D17411A} = {B61D311C-86D6-446E-A394-3A17E238AC44}
		{CAB57C11-AEA1-4BFB-9304-BD7E153D78A7} = {B4668D29-EF75-4D0E-BE69-07B2BB484653}
		{6E641834-172A-4B28-A2D4-101D2D312B43} = {61777335-4035-4D2A-96C4-2DE99A65DEC5}
		{4E0F1D14-0AFF-463C-A869-23E45C1292EA} = {01E301FA-3FAF-4A41-885C-74D5C6EFB6C4}
		{15E0B29E-0DE3-47C6-82CF-35C03DB77309} = {B61D311C-86D6-446E-A394-3A17E238AC44}
		{60707FCD-DD62-4E96-BB84-E6A84FE71F49} = {01E301FA-3FAF-4A41-885C-74D5C6EFB6C4}
		{E72F2DCF-10AC-4FB7-B418-2F6240E4A0FD} = {6DE2BD77-48B4-4526-8D0F-5735E50D5D1D}
	EndGlobalSection
	GlobalSection(ExtensibilityGlobals) = postSolution
		SolutionGuid = {90AC41B5-4598-48C0-90C1-7D61B4678248}
	EndGlobalSection
EndGlobal
